
Microsoft Visual Studio Solution File, Format Version 12.00
# Visual Studio 2012
Project("{FAE04EC0-301F-11D3-BF4B-00C04F79EFBC}") = "ConsoleApplication12", "ConsoleApplication12\ConsoleApplication12.csproj", "{0D803D7D-D909-4909-88B7-13E63F33C9DB}"
EndProject
Global
	GlobalSection(SolutionConfigurationPlatforms) = preSolution
		Debug|Any CPU = Debug|Any CPU
		Release|Any CPU = Release|Any CPU
	EndGlobalSection
	GlobalSection(ProjectConfigurationPlatforms) = postSolution
		{0D803D7D-D909-4909-88B7-13E63F33C9DB}.Debug|Any CPU.ActiveCfg = Debug|Any CPU
		{0D803D7D-D909-4909-88B7-13E63F33C9DB}.Debug|Any CPU.Build.0 = Debug|Any CPU
		{0D803D7D-D909-4909-88B7-13E63F33C9DB}.Release|Any CPU.ActiveCfg = Release|Any CPU
		{0D803D7D-D909-4909-88B7-13E63F33C9DB}.Release|Any CPU.Build.0 = Release|Any CPU
	EndGlobalSection
	GlobalSection(SolutionProperties) = preSolution
		HideSolutionNode = FALSE
	EndGlobalSection
EndGlobal
