
Microsoft Visual Studio Solution File, Format Version 12.00
# Visual Studio 2012
Project("{FAE04EC0-301F-11D3-BF4B-00C04F79EFBC}") = "Demo.Client", "Demo.Client\Demo.Client.csproj", "{66F1819C-218C-47E5-A341-D62C4AF5C55B}"
EndProject
Project("{FAE04EC0-301F-11D3-BF4B-00C04F79EFBC}") = "Demo.Core", "Demo.Core\Demo.Core.csproj", "{80D3F8AC-63FB-4A6B-B841-FA136EF1E005}"
EndProject
Global
	GlobalSection(SolutionConfigurationPlatforms) = preSolution
		Debug|Any CPU = Debug|Any CPU
		Release|Any CPU = Release|Any CPU
	EndGlobalSection
	GlobalSection(ProjectConfigurationPlatforms) = postSolution
		{66F1819C-218C-47E5-A341-D62C4AF5C55B}.Debug|Any CPU.ActiveCfg = Debug|Any CPU
		{66F1819C-218C-47E5-A341-D62C4AF5C55B}.Debug|Any CPU.Build.0 = Debug|Any CPU
		{66F1819C-218C-47E5-A341-D62C4AF5C55B}.Release|Any CPU.ActiveCfg = Release|Any CPU
		{66F1819C-218C-47E5-A341-D62C4AF5C55B}.Release|Any CPU.Build.0 = Release|Any CPU
		{80D3F8AC-63FB-4A6B-B841-FA136EF1E005}.Debug|Any CPU.ActiveCfg = Debug|Any CPU
		{80D3F8AC-63FB-4A6B-B841-FA136EF1E005}.Debug|Any CPU.Build.0 = Debug|Any CPU
		{80D3F8AC-63FB-4A6B-B841-FA136EF1E005}.Release|Any CPU.ActiveCfg = Release|Any CPU
		{80D3F8AC-63FB-4A6B-B841-FA136EF1E005}.Release|Any CPU.Build.0 = Release|Any CPU
	EndGlobalSection
	GlobalSection(SolutionProperties) = preSolution
		HideSolutionNode = FALSE
	EndGlobalSection
EndGlobal
