
Microsoft Visual Studio Solution File, Format Version 12.00
# Visual Studio 2012
Project("{FAE04EC0-301F-11D3-BF4B-00C04F79EFBC}") = "ConsoleApplication6", "ConsoleApplication6\ConsoleApplication6.csproj", "{23018A27-9C6F-4027-8AE9-0CF4B3F0058D}"
EndProject
Global
	GlobalSection(SolutionConfigurationPlatforms) = preSolution
		Debug|Any CPU = Debug|Any CPU
		Release|Any CPU = Release|Any CPU
	EndGlobalSection
	GlobalSection(ProjectConfigurationPlatforms) = postSolution
		{23018A27-9C6F-4027-8AE9-0CF4B3F0058D}.Debug|Any CPU.ActiveCfg = Debug|Any CPU
		{23018A27-9C6F-4027-8AE9-0CF4B3F0058D}.Debug|Any CPU.Build.0 = Debug|Any CPU
		{23018A27-9C6F-4027-8AE9-0CF4B3F0058D}.Release|Any CPU.ActiveCfg = Release|Any CPU
		{23018A27-9C6F-4027-8AE9-0CF4B3F0058D}.Release|Any CPU.Build.0 = Release|Any CPU
	EndGlobalSection
	GlobalSection(SolutionProperties) = preSolution
		HideSolutionNode = FALSE
	EndGlobalSection
EndGlobal
