
Microsoft Visual Studio Solution File, Format Version 12.00
# Visual Studio 2012
Project("{FAE04EC0-301F-11D3-BF4B-00C04F79EFBC}") = "EFExample", "EFExample\EFExample.csproj", "{C98CC405-8ED9-4CAF-BFE8-9C0C718583D1}"
EndProject
Project("{FAE04EC0-301F-11D3-BF4B-00C04F79EFBC}") = "EFExample.DataModel", "EFExample.DataModel\EFExample.DataModel.csproj", "{774EF74D-F01B-4DF7-9F95-34288AF47E8E}"
EndProject
Project("{FAE04EC0-301F-11D3-BF4B-00C04F79EFBC}") = "EFExample.DAL", "EFExample.DAL\EFExample.DAL.csproj", "{D154A8AC-879B-4EB9-BA9D-9D0BB269DB9C}"
EndProject
Global
	GlobalSection(SolutionConfigurationPlatforms) = preSolution
		Debug|Any CPU = Debug|Any CPU
		Release|Any CPU = Release|Any CPU
	EndGlobalSection
	GlobalSection(ProjectConfigurationPlatforms) = postSolution
		{C98CC405-8ED9-4CAF-BFE8-9C0C718583D1}.Debug|Any CPU.ActiveCfg = Debug|Any CPU
		{C98CC405-8ED9-4CAF-BFE8-9C0C718583D1}.Debug|Any CPU.Build.0 = Debug|Any CPU
		{C98CC405-8ED9-4CAF-BFE8-9C0C718583D1}.Release|Any CPU.ActiveCfg = Release|Any CPU
		{C98CC405-8ED9-4CAF-BFE8-9C0C718583D1}.Release|Any CPU.Build.0 = Release|Any CPU
		{774EF74D-F01B-4DF7-9F95-34288AF47E8E}.Debug|Any CPU.ActiveCfg = Debug|Any CPU
		{774EF74D-F01B-4DF7-9F95-34288AF47E8E}.Debug|Any CPU.Build.0 = Debug|Any CPU
		{774EF74D-F01B-4DF7-9F95-34288AF47E8E}.Release|Any CPU.ActiveCfg = Release|Any CPU
		{774EF74D-F01B-4DF7-9F95-34288AF47E8E}.Release|Any CPU.Build.0 = Release|Any CPU
		{D154A8AC-879B-4EB9-BA9D-9D0BB269DB9C}.Debug|Any CPU.ActiveCfg = Debug|Any CPU
		{D154A8AC-879B-4EB9-BA9D-9D0BB269DB9C}.Debug|Any CPU.Build.0 = Debug|Any CPU
		{D154A8AC-879B-4EB9-BA9D-9D0BB269DB9C}.Release|Any CPU.ActiveCfg = Release|Any CPU
		{D154A8AC-879B-4EB9-BA9D-9D0BB269DB9C}.Release|Any CPU.Build.0 = Release|Any CPU
	EndGlobalSection
	GlobalSection(SolutionProperties) = preSolution
		HideSolutionNode = FALSE
	EndGlobalSection
EndGlobal
